{
  "name": "esit",
  "version": "1.0.0",
  "lockfileVersion": 1,
  "requires": true,
  "dependencies": {
    "canvas": {
      "version": "1.6.11",
      "resolved": "https://registry.npmjs.org/canvas/-/canvas-1.6.11.tgz",
      "integrity": "sha512-ElVw5Uk8PReGpzXfDg6PDa+wntnZLGWWfdSHI0Pc8GyXiFbW13drSTzWU6C4E5QylHe+FnLqI7ngMRlp3eGZIQ==",
      "requires": {
        "nan": "^2.10.0"
      }
    },
    "nan": {
      "version": "2.14.2",
      "resolved": "https://registry.npmjs.org/nan/-/nan-2.14.2.tgz",
      "integrity": "sha512-M2ufzIiINKCuDfBSAUr1vWQ+vuVcA9kqx8JJUsbQi6yf1uGRyb7HfpdfUr5qLXf3B/t8dPvcjhKMmlfnP47EzQ=="
    },
    "resemblejs": {
      "version": "2.5.0",
      "resolved": "https://registry.npmjs.org/resemblejs/-/resemblejs-2.5.0.tgz",
      "integrity": "sha512-j2p4H8jpxch3bG9SOoap4tWbNZ4hNGrl54y7WJSwoKBQM3ZBhVyaFEYqzlv06dY1I4Pns/M8Ten6R6+/jTjycA=="
    }
  }
}
